
Microsoft Visual Studio Solution File, Format Version 12.00
# Visual Studio Version 17
VisualStudioVersion = 17.9.34622.214
MinimumVisualStudioVersion = 10.0.40219.1
Project("{F184B08F-C81C-45F6-A57F-5ABD9991F28F}") = "Wolf_is_coming", "Wolf_is_coming.vbproj", "{DD9E9B2C-AB9A-4E87-AF74-97A9BB34CCEE}"
EndProject
Global
	GlobalSection(SolutionConfigurationPlatforms) = preSolution
		Debug|Any CPU = Debug|Any CPU
		Release|Any CPU = Release|Any CPU
	EndGlobalSection
	GlobalSection(ProjectConfigurationPlatforms) = postSolution
		{DD9E9B2C-AB9A-4E87-AF74-97A9BB34CCEE}.Debug|Any CPU.ActiveCfg = Debug|Any CPU
		{DD9E9B2C-AB9A-4E87-AF74-97A9BB34CCEE}.Debug|Any CPU.Build.0 = Debug|Any CPU
		{DD9E9B2C-AB9A-4E87-AF74-97A9BB34CCEE}.Release|Any CPU.ActiveCfg = Release|Any CPU
		{DD9E9B2C-AB9A-4E87-AF74-97A9BB34CCEE}.Release|Any CPU.Build.0 = Release|Any CPU
	EndGlobalSection
	GlobalSection(SolutionProperties) = preSolution
		HideSolutionNode = FALSE
	EndGlobalSection
	GlobalSection(ExtensibilityGlobals) = postSolution
		SolutionGuid = {308DCED0-5226-4DBD-97B9-2138873500AA}
	EndGlobalSection
EndGlobal
